// !$*UTF8*$!
{
	archiveVersion = 1;
	classes = {
	};
	objectVersion = 51;
	objects = {

/* Begin PBXBuildFile section */
		0D20ADD2269713A2004892A6 /* BNRItemsTableViewController.m in Sources */ = {isa = PBXBuildFile; fileRef = 0D20ADD1269713A2004892A6 /* BNRItemsTableViewController.m */; };
		0D20ADD82697E420004892A6 /* BNRItemStore.m in Sources */ = {isa = PBXBuildFile; fileRef = 0D20ADD72697E420004892A6 /* BNRItemStore.m */; };
		0D20ADDD269BDC1D004892A6 /* BNRItemsTableViewConytroller.xib in Resources */ = {isa = PBXBuildFile; fileRef = 0D20ADDC269BDC1D004892A6 /* BNRItemsTableViewConytroller.xib */; };
		0D20ADE1269C1266004892A6 /* BNRDetailViewController.m in Sources */ = {isa = PBXBuildFile; fileRef = 0D20ADDF269C1266004892A6 /* BNRDetailViewController.m */; };
		0D20ADE6269C3F92004892A6 /* BNRItemCellTableViewCell.m in Sources */ = {isa = PBXBuildFile; fileRef = 0D20ADE4269C3F92004892A6 /* BNRItemCellTableViewCell.m */; };
		0D20AE34269D80F5004892A6 /* BNRUITableTableViewController.m in Sources */ = {isa = PBXBuildFile; fileRef = 0D20AE33269D80F5004892A6 /* BNRUITableTableViewController.m */; };
		0D20AE37269D94A4004892A6 /* BNRLine.m in Sources */ = {isa = PBXBuildFile; fileRef = 0D20AE36269D94A4004892A6 /* BNRLine.m */; };
		0D20AE3A269D94D0004892A6 /* BNRDrawView.m in Sources */ = {isa = PBXBuildFile; fileRef = 0D20AE39269D94D0004892A6 /* BNRDrawView.m */; };
		0D20AE3D269D94E6004892A6 /* BNRDrawViewController.m in Sources */ = {isa = PBXBuildFile; fileRef = 0D20AE3C269D94E6004892A6 /* BNRDrawViewController.m */; };
		0D20AE40269D9958004892A6 /* BNRBasicsViewController.m in Sources */ = {isa = PBXBuildFile; fileRef = 0D20AE3F269D9958004892A6 /* BNRBasicsViewController.m */; };
		0D20AE43269E7CD2004892A6 /* BNRCoursesViewController.m in Sources */ = {isa = PBXBuildFile; fileRef = 0D20AE42269E7CD2004892A6 /* BNRCoursesViewController.m */; };
		0D20AE57269ED27F004892A6 /* AppDelegateAndSceneDelegate.m in Sources */ = {isa = PBXBuildFile; fileRef = 0D20AE56269ED27F004892A6 /* AppDelegateAndSceneDelegate.m */; };
		0D20AE5F269FE4AA004892A6 /* BNRTtem.m in Sources */ = {isa = PBXBuildFile; fileRef = 0D20AE5E269FE4AA004892A6 /* BNRTtem.m */; };
		0D20AE6326A03931004892A6 /* MYMasonryViewController.m in Sources */ = {isa = PBXBuildFile; fileRef = 0D20AE6226A03931004892A6 /* MYMasonryViewController.m */; };
		0D20AE6726A1298B004892A6 /* BNRImageStore.m in Sources */ = {isa = PBXBuildFile; fileRef = 0D20AE6626A1298B004892A6 /* BNRImageStore.m */; };
		0D20AE6A26A1A4D2004892A6 /* MYScrollViewController.m in Sources */ = {isa = PBXBuildFile; fileRef = 0D20AE6926A1A4D1004892A6 /* MYScrollViewController.m */; };
		0D20AE7126A283C8004892A6 /* MYCollectionVIew.m in Sources */ = {isa = PBXBuildFile; fileRef = 0D20AE7026A283C8004892A6 /* MYCollectionVIew.m */; };
		0D20AE7526A7AFD2004892A6 /* MYNsurlsession.m in Sources */ = {isa = PBXBuildFile; fileRef = 0D20AE7426A7AFD2004892A6 /* MYNsurlsession.m */; };
		0D2FB90626A9498E00AD8248 /* MYAFNetworking.m in Sources */ = {isa = PBXBuildFile; fileRef = 0D2FB90526A9498E00AD8248 /* MYAFNetworking.m */; };
		0D39414826EB578A005608AA /* rgbLabelViewController.m in Sources */ = {isa = PBXBuildFile; fileRef = 0D39414726EB578A005608AA /* rgbLabelViewController.m */; };
		0D5743E7273CAB8600845821 /* TestTableViewController.m in Sources */ = {isa = PBXBuildFile; fileRef = 0D5743E6273CAB8600845821 /* TestTableViewController.m */; };
		0D5743F2273CAE2200845821 /* TestTableViewCell.m in Sources */ = {isa = PBXBuildFile; fileRef = 0D5743F1273CAE2200845821 /* TestTableViewCell.m */; };
		0D5743F3273CAF7D00845821 /* AvatarBackgroundColorGenerator.m in Sources */ = {isa = PBXBuildFile; fileRef = 0D5743EA273CAD8300845821 /* AvatarBackgroundColorGenerator.m */; };
		0D6484FF26AA62C500CE638D /* NETworkingViewController.m in Sources */ = {isa = PBXBuildFile; fileRef = 0D6484FE26AA62C500CE638D /* NETworkingViewController.m */; };
		0D64850226AE4C8500CE638D /* course.m in Sources */ = {isa = PBXBuildFile; fileRef = 0D64850126AE4C8500CE638D /* course.m */; };
		0D64850526AE645100CE638D /* MICrolecturesCollectionViewController.m in Sources */ = {isa = PBXBuildFile; fileRef = 0D64850426AE645100CE638D /* MICrolecturesCollectionViewController.m */; };
		0D64850926AE66E100CE638D /* MICrolecture.m in Sources */ = {isa = PBXBuildFile; fileRef = 0D64850826AE66E100CE638D /* MICrolecture.m */; };
		0DD097C426AE811900B2CF71 /* MICrolectureStartViewController.m in Sources */ = {isa = PBXBuildFile; fileRef = 0DD097C326AE811900B2CF71 /* MICrolectureStartViewController.m */; };
		0DD097C726AE888F00B2CF71 /* MICrolectureCollectionViewCell.m in Sources */ = {isa = PBXBuildFile; fileRef = 0DD097C626AE888F00B2CF71 /* MICrolectureCollectionViewCell.m */; };
		0DD5D9B12695C94000D52691 /* AppDelegate.m in Sources */ = {isa = PBXBuildFile; fileRef = 0DD5D9B02695C94000D52691 /* AppDelegate.m */; };
		0DD5D9B42695C94000D52691 /* SceneDelegate.m in Sources */ = {isa = PBXBuildFile; fileRef = 0DD5D9B32695C94000D52691 /* SceneDelegate.m */; };
		0DD5D9B72695C94000D52691 /* ViewController.m in Sources */ = {isa = PBXBuildFile; fileRef = 0DD5D9B62695C94000D52691 /* ViewController.m */; };
		0DD5D9BC2695C94200D52691 /* Assets.xcassets in Resources */ = {isa = PBXBuildFile; fileRef = 0DD5D9BB2695C94200D52691 /* Assets.xcassets */; };
		0DD5D9BF2695C94200D52691 /* LaunchScreen.storyboard in Resources */ = {isa = PBXBuildFile; fileRef = 0DD5D9BD2695C94200D52691 /* LaunchScreen.storyboard */; };
		0DD5D9C22695C94200D52691 /* main.m in Sources */ = {isa = PBXBuildFile; fileRef = 0DD5D9C12695C94200D52691 /* main.m */; };
		0DD5D9CC2695C94200D52691 /* HypnoNerdTests.m in Sources */ = {isa = PBXBuildFile; fileRef = 0DD5D9CB2695C94200D52691 /* HypnoNerdTests.m */; };
		0DD5D9D72695C94200D52691 /* HypnoNerdUITests.m in Sources */ = {isa = PBXBuildFile; fileRef = 0DD5D9D62695C94200D52691 /* HypnoNerdUITests.m */; };
		0DD5D9E92695CA6D00D52691 /* BNRHypnosisView.m in Sources */ = {isa = PBXBuildFile; fileRef = 0DD5D9E82695CA6D00D52691 /* BNRHypnosisView.m */; };
		0DD5D9EF2695D9E100D52691 /* BNRReminderViewController.m in Sources */ = {isa = PBXBuildFile; fileRef = 0DD5D9ED2695D9E100D52691 /* BNRReminderViewController.m */; };
		0DD5D9F02695D9E100D52691 /* BNRReminderViewController.xib in Resources */ = {isa = PBXBuildFile; fileRef = 0DD5D9EE2695D9E100D52691 /* BNRReminderViewController.xib */; };
		8DEC9B18DABE0671240C0BCD /* libPods-HypnoNerd-HypnoNerdUITests.a in Frameworks */ = {isa = PBXBuildFile; fileRef = 1726CAD0C01B324B0CBC0579 /* libPods-HypnoNerd-HypnoNerdUITests.a */; };
		E63A1FEA5549C578F85D44C5 /* libPods-HypnoNerd.a in Frameworks */ = {isa = PBXBuildFile; fileRef = 6815C189ECF5F8AF03E6D271 /* libPods-HypnoNerd.a */; };
		F6F31EF5D1A5DB86DCBB18A6 /* libPods-HypnoNerdTests.a in Frameworks */ = {isa = PBXBuildFile; fileRef = ED9A0E38E26D33116ACED5D9 /* libPods-HypnoNerdTests.a */; };
/* End PBXBuildFile section */

/* Begin PBXContainerItemProxy section */
		0DD5D9C82695C94200D52691 /* PBXContainerItemProxy */ = {
			isa = PBXContainerItemProxy;
			containerPortal = 0DD5D9A42695C94000D52691 /* Project object */;
			proxyType = 1;
			remoteGlobalIDString = 0DD5D9AB2695C94000D52691;
			remoteInfo = HypnoNerd;
		};
		0DD5D9D32695C94200D52691 /* PBXContainerItemProxy */ = {
			isa = PBXContainerItemProxy;
			containerPortal = 0DD5D9A42695C94000D52691 /* Project object */;
			proxyType = 1;
			remoteGlobalIDString = 0DD5D9AB2695C94000D52691;
			remoteInfo = HypnoNerd;
		};
/* End PBXContainerItemProxy section */

/* Begin PBXFileReference section */
		071614FB33DE0225BD439AFC /* Pods-HypnoNerd-HypnoNerdUITests.debug.xcconfig */ = {isa = PBXFileReference; includeInIndex = 1; lastKnownFileType = text.xcconfig; name = "Pods-HypnoNerd-HypnoNerdUITests.debug.xcconfig"; path = "Target Support Files/Pods-HypnoNerd-HypnoNerdUITests/Pods-HypnoNerd-HypnoNerdUITests.debug.xcconfig"; sourceTree = "<group>"; };
		0B1095F7559220E02355D82D /* Pods-HypnoNerd.release.xcconfig */ = {isa = PBXFileReference; includeInIndex = 1; lastKnownFileType = text.xcconfig; name = "Pods-HypnoNerd.release.xcconfig"; path = "Target Support Files/Pods-HypnoNerd/Pods-HypnoNerd.release.xcconfig"; sourceTree = "<group>"; };
		0D20ADD0269713A2004892A6 /* BNRItemsTableViewController.h */ = {isa = PBXFileReference; lastKnownFileType = sourcecode.c.h; path = BNRItemsTableViewController.h; sourceTree = "<group>"; };
		0D20ADD1269713A2004892A6 /* BNRItemsTableViewController.m */ = {isa = PBXFileReference; lastKnownFileType = sourcecode.c.objc; path = BNRItemsTableViewController.m; sourceTree = "<group>"; };
		0D20ADD62697E420004892A6 /* BNRItemStore.h */ = {isa = PBXFileReference; lastKnownFileType = sourcecode.c.h; path = BNRItemStore.h; sourceTree = "<group>"; };
		0D20ADD72697E420004892A6 /* BNRItemStore.m */ = {isa = PBXFileReference; lastKnownFileType = sourcecode.c.objc; path = BNRItemStore.m; sourceTree = "<group>"; };
		0D20ADDC269BDC1D004892A6 /* BNRItemsTableViewConytroller.xib */ = {isa = PBXFileReference; lastKnownFileType = file.xib; path = BNRItemsTableViewConytroller.xib; sourceTree = "<group>"; };
		0D20ADDE269C1266004892A6 /* BNRDetailViewController.h */ = {isa = PBXFileReference; lastKnownFileType = sourcecode.c.h; path = BNRDetailViewController.h; sourceTree = "<group>"; };
		0D20ADDF269C1266004892A6 /* BNRDetailViewController.m */ = {isa = PBXFileReference; lastKnownFileType = sourcecode.c.objc; path = BNRDetailViewController.m; sourceTree = "<group>"; };
		0D20ADE3269C3F92004892A6 /* BNRItemCellTableViewCell.h */ = {isa = PBXFileReference; lastKnownFileType = sourcecode.c.h; path = BNRItemCellTableViewCell.h; sourceTree = "<group>"; };
		0D20ADE4269C3F92004892A6 /* BNRItemCellTableViewCell.m */ = {isa = PBXFileReference; lastKnownFileType = sourcecode.c.objc; path = BNRItemCellTableViewCell.m; sourceTree = "<group>"; };
		0D20AE32269D80F5004892A6 /* BNRUITableTableViewController.h */ = {isa = PBXFileReference; lastKnownFileType = sourcecode.c.h; path = BNRUITableTableViewController.h; sourceTree = "<group>"; };
		0D20AE33269D80F5004892A6 /* BNRUITableTableViewController.m */ = {isa = PBXFileReference; lastKnownFileType = sourcecode.c.objc; path = BNRUITableTableViewController.m; sourceTree = "<group>"; };
		0D20AE35269D9495004892A6 /* BNRLine.h */ = {isa = PBXFileReference; fileEncoding = 4; lastKnownFileType = sourcecode.c.h; path = BNRLine.h; sourceTree = "<group>"; };
		0D20AE36269D94A4004892A6 /* BNRLine.m */ = {isa = PBXFileReference; fileEncoding = 4; lastKnownFileType = sourcecode.c.objc; path = BNRLine.m; sourceTree = "<group>"; };
		0D20AE38269D94C7004892A6 /* BNRDrawView.h */ = {isa = PBXFileReference; fileEncoding = 4; lastKnownFileType = sourcecode.c.h; path = BNRDrawView.h; sourceTree = "<group>"; };
		0D20AE39269D94D0004892A6 /* BNRDrawView.m */ = {isa = PBXFileReference; fileEncoding = 4; lastKnownFileType = sourcecode.c.objc; path = BNRDrawView.m; sourceTree = "<group>"; };
		0D20AE3B269D94DD004892A6 /* BNRDrawViewController.h */ = {isa = PBXFileReference; fileEncoding = 4; lastKnownFileType = sourcecode.c.h; path = BNRDrawViewController.h; sourceTree = "<group>"; };
		0D20AE3C269D94E6004892A6 /* BNRDrawViewController.m */ = {isa = PBXFileReference; fileEncoding = 4; lastKnownFileType = sourcecode.c.objc; path = BNRDrawViewController.m; sourceTree = "<group>"; };
		0D20AE3E269D9958004892A6 /* BNRBasicsViewController.h */ = {isa = PBXFileReference; lastKnownFileType = sourcecode.c.h; path = BNRBasicsViewController.h; sourceTree = "<group>"; };
		0D20AE3F269D9958004892A6 /* BNRBasicsViewController.m */ = {isa = PBXFileReference; lastKnownFileType = sourcecode.c.objc; path = BNRBasicsViewController.m; sourceTree = "<group>"; };
		0D20AE41269E7CD2004892A6 /* BNRCoursesViewController.h */ = {isa = PBXFileReference; lastKnownFileType = sourcecode.c.h; path = BNRCoursesViewController.h; sourceTree = "<group>"; };
		0D20AE42269E7CD2004892A6 /* BNRCoursesViewController.m */ = {isa = PBXFileReference; lastKnownFileType = sourcecode.c.objc; path = BNRCoursesViewController.m; sourceTree = "<group>"; };
		0D20AE55269ED27F004892A6 /* AppDelegateAndSceneDelegate.h */ = {isa = PBXFileReference; lastKnownFileType = sourcecode.c.h; path = AppDelegateAndSceneDelegate.h; sourceTree = "<group>"; };
		0D20AE56269ED27F004892A6 /* AppDelegateAndSceneDelegate.m */ = {isa = PBXFileReference; lastKnownFileType = sourcecode.c.objc; path = AppDelegateAndSceneDelegate.m; sourceTree = "<group>"; };
		0D20AE5E269FE4AA004892A6 /* BNRTtem.m */ = {isa = PBXFileReference; fileEncoding = 4; lastKnownFileType = sourcecode.c.objc; path = BNRTtem.m; sourceTree = "<group>"; };
		0D20AE60269FE4B3004892A6 /* BNRTtem.h */ = {isa = PBXFileReference; lastKnownFileType = sourcecode.c.h; path = BNRTtem.h; sourceTree = "<group>"; };
		0D20AE6126A03931004892A6 /* MYMasonryViewController.h */ = {isa = PBXFileReference; lastKnownFileType = sourcecode.c.h; path = MYMasonryViewController.h; sourceTree = "<group>"; };
		0D20AE6226A03931004892A6 /* MYMasonryViewController.m */ = {isa = PBXFileReference; lastKnownFileType = sourcecode.c.objc; path = MYMasonryViewController.m; sourceTree = "<group>"; };
		0D20AE6526A1298B004892A6 /* BNRImageStore.h */ = {isa = PBXFileReference; lastKnownFileType = sourcecode.c.h; path = BNRImageStore.h; sourceTree = "<group>"; };
		0D20AE6626A1298B004892A6 /* BNRImageStore.m */ = {isa = PBXFileReference; lastKnownFileType = sourcecode.c.objc; path = BNRImageStore.m; sourceTree = "<group>"; };
		0D20AE6826A1A4D1004892A6 /* MYScrollViewController.h */ = {isa = PBXFileReference; lastKnownFileType = sourcecode.c.h; path = MYScrollViewController.h; sourceTree = "<group>"; };
		0D20AE6926A1A4D1004892A6 /* MYScrollViewController.m */ = {isa = PBXFileReference; lastKnownFileType = sourcecode.c.objc; path = MYScrollViewController.m; sourceTree = "<group>"; };
		0D20AE6F26A283C8004892A6 /* MYCollectionVIew.h */ = {isa = PBXFileReference; lastKnownFileType = sourcecode.c.h; path = MYCollectionVIew.h; sourceTree = "<group>"; };
		0D20AE7026A283C8004892A6 /* MYCollectionVIew.m */ = {isa = PBXFileReference; lastKnownFileType = sourcecode.c.objc; path = MYCollectionVIew.m; sourceTree = "<group>"; };
		0D20AE7326A7AFD2004892A6 /* MYNsurlsession.h */ = {isa = PBXFileReference; lastKnownFileType = sourcecode.c.h; path = MYNsurlsession.h; sourceTree = "<group>"; };
		0D20AE7426A7AFD2004892A6 /* MYNsurlsession.m */ = {isa = PBXFileReference; lastKnownFileType = sourcecode.c.objc; path = MYNsurlsession.m; sourceTree = "<group>"; };
		0D2FB90426A9498E00AD8248 /* MYAFNetworking.h */ = {isa = PBXFileReference; lastKnownFileType = sourcecode.c.h; path = MYAFNetworking.h; sourceTree = "<group>"; };
		0D2FB90526A9498E00AD8248 /* MYAFNetworking.m */ = {isa = PBXFileReference; lastKnownFileType = sourcecode.c.objc; path = MYAFNetworking.m; sourceTree = "<group>"; };
		0D39414626EB578A005608AA /* rgbLabelViewController.h */ = {isa = PBXFileReference; lastKnownFileType = sourcecode.c.h; path = rgbLabelViewController.h; sourceTree = "<group>"; };
		0D39414726EB578A005608AA /* rgbLabelViewController.m */ = {isa = PBXFileReference; lastKnownFileType = sourcecode.c.objc; path = rgbLabelViewController.m; sourceTree = "<group>"; };
		0D5743E5273CAB8600845821 /* TestTableViewController.h */ = {isa = PBXFileReference; lastKnownFileType = sourcecode.c.h; path = TestTableViewController.h; sourceTree = "<group>"; };
		0D5743E6273CAB8600845821 /* TestTableViewController.m */ = {isa = PBXFileReference; lastKnownFileType = sourcecode.c.objc; path = TestTableViewController.m; sourceTree = "<group>"; };
		0D5743EA273CAD8300845821 /* AvatarBackgroundColorGenerator.m */ = {isa = PBXFileReference; lastKnownFileType = sourcecode.c.objc; path = AvatarBackgroundColorGenerator.m; sourceTree = "<group>"; };
		0D5743EB273CAD8400845821 /* AvatarBackgroundColorGenerator.h */ = {isa = PBXFileReference; lastKnownFileType = sourcecode.c.h; path = AvatarBackgroundColorGenerator.h; sourceTree = "<group>"; };
		0D5743F0273CAE2200845821 /* TestTableViewCell.h */ = {isa = PBXFileReference; lastKnownFileType = sourcecode.c.h; path = TestTableViewCell.h; sourceTree = "<group>"; };
		0D5743F1273CAE2200845821 /* TestTableViewCell.m */ = {isa = PBXFileReference; lastKnownFileType = sourcecode.c.objc; path = TestTableViewCell.m; sourceTree = "<group>"; };
		0D6484FD26AA62C500CE638D /* NETworkingViewController.h */ = {isa = PBXFileReference; lastKnownFileType = sourcecode.c.h; path = NETworkingViewController.h; sourceTree = "<group>"; };
		0D6484FE26AA62C500CE638D /* NETworkingViewController.m */ = {isa = PBXFileReference; lastKnownFileType = sourcecode.c.objc; path = NETworkingViewController.m; sourceTree = "<group>"; };
		0D64850026AE4C8500CE638D /* course.h */ = {isa = PBXFileReference; lastKnownFileType = sourcecode.c.h; path = course.h; sourceTree = "<group>"; };
		0D64850126AE4C8500CE638D /* course.m */ = {isa = PBXFileReference; lastKnownFileType = sourcecode.c.objc; path = course.m; sourceTree = "<group>"; };
		0D64850326AE645100CE638D /* MICrolecturesCollectionViewController.h */ = {isa = PBXFileReference; lastKnownFileType = sourcecode.c.h; path = MICrolecturesCollectionViewController.h; sourceTree = "<group>"; };
		0D64850426AE645100CE638D /* MICrolecturesCollectionViewController.m */ = {isa = PBXFileReference; lastKnownFileType = sourcecode.c.objc; path = MICrolecturesCollectionViewController.m; sourceTree = "<group>"; };
		0D64850726AE66E100CE638D /* MICrolecture.h */ = {isa = PBXFileReference; lastKnownFileType = sourcecode.c.h; path = MICrolecture.h; sourceTree = "<group>"; };
		0D64850826AE66E100CE638D /* MICrolecture.m */ = {isa = PBXFileReference; lastKnownFileType = sourcecode.c.objc; path = MICrolecture.m; sourceTree = "<group>"; };
		0DD097C226AE811900B2CF71 /* MICrolectureStartViewController.h */ = {isa = PBXFileReference; lastKnownFileType = sourcecode.c.h; path = MICrolectureStartViewController.h; sourceTree = "<group>"; };
		0DD097C326AE811900B2CF71 /* MICrolectureStartViewController.m */ = {isa = PBXFileReference; lastKnownFileType = sourcecode.c.objc; path = MICrolectureStartViewController.m; sourceTree = "<group>"; };
		0DD097C526AE888F00B2CF71 /* MICrolectureCollectionViewCell.h */ = {isa = PBXFileReference; lastKnownFileType = sourcecode.c.h; path = MICrolectureCollectionViewCell.h; sourceTree = "<group>"; };
		0DD097C626AE888F00B2CF71 /* MICrolectureCollectionViewCell.m */ = {isa = PBXFileReference; lastKnownFileType = sourcecode.c.objc; path = MICrolectureCollectionViewCell.m; sourceTree = "<group>"; };
		0DD5D9AC2695C94000D52691 /* HypnoNerd.app */ = {isa = PBXFileReference; explicitFileType = wrapper.application; includeInIndex = 0; path = HypnoNerd.app; sourceTree = BUILT_PRODUCTS_DIR; };
		0DD5D9AF2695C94000D52691 /* AppDelegate.h */ = {isa = PBXFileReference; lastKnownFileType = sourcecode.c.h; path = AppDelegate.h; sourceTree = "<group>"; };
		0DD5D9B02695C94000D52691 /* AppDelegate.m */ = {isa = PBXFileReference; lastKnownFileType = sourcecode.c.objc; path = AppDelegate.m; sourceTree = "<group>"; };
		0DD5D9B22695C94000D52691 /* SceneDelegate.h */ = {isa = PBXFileReference; lastKnownFileType = sourcecode.c.h; path = SceneDelegate.h; sourceTree = "<group>"; };
		0DD5D9B32695C94000D52691 /* SceneDelegate.m */ = {isa = PBXFileReference; lastKnownFileType = sourcecode.c.objc; path = SceneDelegate.m; sourceTree = "<group>"; };
		0DD5D9B52695C94000D52691 /* ViewController.h */ = {isa = PBXFileReference; lastKnownFileType = sourcecode.c.h; path = ViewController.h; sourceTree = "<group>"; };
		0DD5D9B62695C94000D52691 /* ViewController.m */ = {isa = PBXFileReference; lastKnownFileType = sourcecode.c.objc; path = ViewController.m; sourceTree = "<group>"; };
		0DD5D9BB2695C94200D52691 /* Assets.xcassets */ = {isa = PBXFileReference; lastKnownFileType = folder.assetcatalog; path = Assets.xcassets; sourceTree = "<group>"; };
		0DD5D9BE2695C94200D52691 /* Base */ = {isa = PBXFileReference; lastKnownFileType = file.storyboard; name = Base; path = Base.lproj/LaunchScreen.storyboard; sourceTree = "<group>"; };
		0DD5D9C02695C94200D52691 /* Info.plist */ = {isa = PBXFileReference; lastKnownFileType = text.plist.xml; path = Info.plist; sourceTree = "<group>"; };
		0DD5D9C12695C94200D52691 /* main.m */ = {isa = PBXFileReference; lastKnownFileType = sourcecode.c.objc; path = main.m; sourceTree = "<group>"; };
		0DD5D9C72695C94200D52691 /* HypnoNerdTests.xctest */ = {isa = PBXFileReference; explicitFileType = wrapper.cfbundle; includeInIndex = 0; path = HypnoNerdTests.xctest; sourceTree = BUILT_PRODUCTS_DIR; };
		0DD5D9CB2695C94200D52691 /* HypnoNerdTests.m */ = {isa = PBXFileReference; lastKnownFileType = sourcecode.c.objc; path = HypnoNerdTests.m; sourceTree = "<group>"; };
		0DD5D9CD2695C94200D52691 /* Info.plist */ = {isa = PBXFileReference; lastKnownFileType = text.plist.xml; path = Info.plist; sourceTree = "<group>"; };
		0DD5D9D22695C94200D52691 /* HypnoNerdUITests.xctest */ = {isa = PBXFileReference; explicitFileType = wrapper.cfbundle; includeInIndex = 0; path = HypnoNerdUITests.xctest; sourceTree = BUILT_PRODUCTS_DIR; };
		0DD5D9D62695C94200D52691 /* HypnoNerdUITests.m */ = {isa = PBXFileReference; lastKnownFileType = sourcecode.c.objc; path = HypnoNerdUITests.m; sourceTree = "<group>"; };
		0DD5D9D82695C94200D52691 /* Info.plist */ = {isa = PBXFileReference; lastKnownFileType = text.plist.xml; path = Info.plist; sourceTree = "<group>"; };
		0DD5D9E72695CA5800D52691 /* BNRHypnosisView.h */ = {isa = PBXFileReference; lastKnownFileType = sourcecode.c.h; path = BNRHypnosisView.h; sourceTree = "<group>"; };
		0DD5D9E82695CA6D00D52691 /* BNRHypnosisView.m */ = {isa = PBXFileReference; fileEncoding = 4; lastKnownFileType = sourcecode.c.objc; path = BNRHypnosisView.m; sourceTree = "<group>"; };
		0DD5D9EC2695D9E100D52691 /* BNRReminderViewController.h */ = {isa = PBXFileReference; lastKnownFileType = sourcecode.c.h; path = BNRReminderViewController.h; sourceTree = "<group>"; };
		0DD5D9ED2695D9E100D52691 /* BNRReminderViewController.m */ = {isa = PBXFileReference; lastKnownFileType = sourcecode.c.objc; path = BNRReminderViewController.m; sourceTree = "<group>"; };
		0DD5D9EE2695D9E100D52691 /* BNRReminderViewController.xib */ = {isa = PBXFileReference; lastKnownFileType = file.xib; path = BNRReminderViewController.xib; sourceTree = "<group>"; };
		1726CAD0C01B324B0CBC0579 /* libPods-HypnoNerd-HypnoNerdUITests.a */ = {isa = PBXFileReference; explicitFileType = archive.ar; includeInIndex = 0; path = "libPods-HypnoNerd-HypnoNerdUITests.a"; sourceTree = BUILT_PRODUCTS_DIR; };
		46404B93B386EB9102DA2040 /* Pods-HypnoNerd.debug.xcconfig */ = {isa = PBXFileReference; includeInIndex = 1; lastKnownFileType = text.xcconfig; name = "Pods-HypnoNerd.debug.xcconfig"; path = "Target Support Files/Pods-HypnoNerd/Pods-HypnoNerd.debug.xcconfig"; sourceTree = "<group>"; };
		6815C189ECF5F8AF03E6D271 /* libPods-HypnoNerd.a */ = {isa = PBXFileReference; explicitFileType = archive.ar; includeInIndex = 0; path = "libPods-HypnoNerd.a"; sourceTree = BUILT_PRODUCTS_DIR; };
		A33A3845216F8677C93ACAE2 /* Pods-HypnoNerdTests.debug.xcconfig */ = {isa = PBXFileReference; includeInIndex = 1; lastKnownFileType = text.xcconfig; name = "Pods-HypnoNerdTests.debug.xcconfig"; path = "Target Support Files/Pods-HypnoNerdTests/Pods-HypnoNerdTests.debug.xcconfig"; sourceTree = "<group>"; };
		D4675D2BD7EFCA97246D2342 /* Pods-HypnoNerd-HypnoNerdUITests.release.xcconfig */ = {isa = PBXFileReference; includeInIndex = 1; lastKnownFileType = text.xcconfig; name = "Pods-HypnoNerd-HypnoNerdUITests.release.xcconfig"; path = "Target Support Files/Pods-HypnoNerd-HypnoNerdUITests/Pods-HypnoNerd-HypnoNerdUITests.release.xcconfig"; sourceTree = "<group>"; };
		ED9A0E38E26D33116ACED5D9 /* libPods-HypnoNerdTests.a */ = {isa = PBXFileReference; explicitFileType = archive.ar; includeInIndex = 0; path = "libPods-HypnoNerdTests.a"; sourceTree = BUILT_PRODUCTS_DIR; };
		FA5F0CADCFDB3670E65FCA6E /* Pods-HypnoNerdTests.release.xcconfig */ = {isa = PBXFileReference; includeInIndex = 1; lastKnownFileType = text.xcconfig; name = "Pods-HypnoNerdTests.release.xcconfig"; path = "Target Support Files/Pods-HypnoNerdTests/Pods-HypnoNerdTests.release.xcconfig"; sourceTree = "<group>"; };
/* End PBXFileReference section */

/* Begin PBXFrameworksBuildPhase section */
		0DD5D9A92695C94000D52691 /* Frameworks */ = {
			isa = PBXFrameworksBuildPhase;
			buildActionMask = 2147483647;
			files = (
				E63A1FEA5549C578F85D44C5 /* libPods-HypnoNerd.a in Frameworks */,
			);
			runOnlyForDeploymentPostprocessing = 0;
		};
		0DD5D9C42695C94200D52691 /* Frameworks */ = {
			isa = PBXFrameworksBuildPhase;
			buildActionMask = 2147483647;
			files = (
				F6F31EF5D1A5DB86DCBB18A6 /* libPods-HypnoNerdTests.a in Frameworks */,
			);
			runOnlyForDeploymentPostprocessing = 0;
		};
		0DD5D9CF2695C94200D52691 /* Frameworks */ = {
			isa = PBXFrameworksBuildPhase;
			buildActionMask = 2147483647;
			files = (
				8DEC9B18DABE0671240C0BCD /* libPods-HypnoNerd-HypnoNerdUITests.a in Frameworks */,
			);
			runOnlyForDeploymentPostprocessing = 0;
		};
/* End PBXFrameworksBuildPhase section */

/* Begin PBXGroup section */
		0D20AE4E269ECA94004892A6 /* Basics */ = {
			isa = PBXGroup;
			children = (
				0D20AE3E269D9958004892A6 /* BNRBasicsViewController.h */,
				0D20AE3F269D9958004892A6 /* BNRBasicsViewController.m */,
			);
			path = Basics;
			sourceTree = "<group>";
		};
		0D20AE4F269ECB82004892A6 /* UIItems */ = {
			isa = PBXGroup;
			children = (
				0D20AE32269D80F5004892A6 /* BNRUITableTableViewController.h */,
				0D20AE33269D80F5004892A6 /* BNRUITableTableViewController.m */,
				0D20AE50269ECBDE004892A6 /* TouchTracker */,
				0D20AE51269ECC12004892A6 /* ConncentricCircle */,
				0D20AE53269ECC81004892A6 /* ReminderMeView */,
				0D20AE52269ECC5D004892A6 /* NagivationTableView */,
				0D20AE6B26A26213004892A6 /* ScrollView */,
				0D20AE7226A2C174004892A6 /* CollectionView */,
				0D20AE6426A03950004892A6 /* MasonryViewController */,
			);
			path = UIItems;
			sourceTree = "<group>";
		};
		0D20AE50269ECBDE004892A6 /* TouchTracker */ = {
			isa = PBXGroup;
			children = (
				0D20AE5A269EE628004892A6 /* Controller */,
				0D20AE59269EE61C004892A6 /* View */,
				0D20AE58269EE5F8004892A6 /* Model */,
			);
			path = TouchTracker;
			sourceTree = "<group>";
		};
		0D20AE51269ECC12004892A6 /* ConncentricCircle */ = {
			isa = PBXGroup;
			children = (
				0DD5D9E72695CA5800D52691 /* BNRHypnosisView.h */,
				0DD5D9E82695CA6D00D52691 /* BNRHypnosisView.m */,
				0DD5D9B52695C94000D52691 /* ViewController.h */,
				0DD5D9B62695C94000D52691 /* ViewController.m */,
			);
			path = ConncentricCircle;
			sourceTree = "<group>";
		};
		0D20AE52269ECC5D004892A6 /* NagivationTableView */ = {
			isa = PBXGroup;
			children = (
				0D20ADD0269713A2004892A6 /* BNRItemsTableViewController.h */,
				0D20ADD1269713A2004892A6 /* BNRItemsTableViewController.m */,
				0D20ADDC269BDC1D004892A6 /* BNRItemsTableViewConytroller.xib */,
				0D20ADDE269C1266004892A6 /* BNRDetailViewController.h */,
				0D20ADDF269C1266004892A6 /* BNRDetailViewController.m */,
				0D20ADE3269C3F92004892A6 /* BNRItemCellTableViewCell.h */,
				0D20ADE4269C3F92004892A6 /* BNRItemCellTableViewCell.m */,
				0D20AE6526A1298B004892A6 /* BNRImageStore.h */,
				0D20AE6626A1298B004892A6 /* BNRImageStore.m */,
				0D20ADD62697E420004892A6 /* BNRItemStore.h */,
				0D20ADD72697E420004892A6 /* BNRItemStore.m */,
				0D20AE60269FE4B3004892A6 /* BNRTtem.h */,
				0D20AE5E269FE4AA004892A6 /* BNRTtem.m */,
			);
			path = NagivationTableView;
			sourceTree = "<group>";
		};
		0D20AE53269ECC81004892A6 /* ReminderMeView */ = {
			isa = PBXGroup;
			children = (
				0DD5D9EC2695D9E100D52691 /* BNRReminderViewController.h */,
				0DD5D9ED2695D9E100D52691 /* BNRReminderViewController.m */,
				0DD5D9EE2695D9E100D52691 /* BNRReminderViewController.xib */,
			);
			path = ReminderMeView;
			sourceTree = "<group>";
		};
		0D20AE54269ECCBD004892A6 /* JsonTableView */ = {
			isa = PBXGroup;
			children = (
				0D20AE41269E7CD2004892A6 /* BNRCoursesViewController.h */,
				0D20AE42269E7CD2004892A6 /* BNRCoursesViewController.m */,
				0D64850026AE4C8500CE638D /* course.h */,
				0D64850126AE4C8500CE638D /* course.m */,
			);
			path = JsonTableView;
			sourceTree = "<group>";
		};
		0D20AE58269EE5F8004892A6 /* Model */ = {
			isa = PBXGroup;
			children = (
				0D20AE35269D9495004892A6 /* BNRLine.h */,
				0D20AE36269D94A4004892A6 /* BNRLine.m */,
			);
			path = Model;
			sourceTree = "<group>";
		};
		0D20AE59269EE61C004892A6 /* View */ = {
			isa = PBXGroup;
			children = (
				0D20AE38269D94C7004892A6 /* BNRDrawView.h */,
				0D20AE39269D94D0004892A6 /* BNRDrawView.m */,
			);
			path = View;
			sourceTree = "<group>";
		};
		0D20AE5A269EE628004892A6 /* Controller */ = {
			isa = PBXGroup;
			children = (
				0D20AE3B269D94DD004892A6 /* BNRDrawViewController.h */,
				0D20AE3C269D94E6004892A6 /* BNRDrawViewController.m */,
			);
			path = Controller;
			sourceTree = "<group>";
		};
		0D20AE6426A03950004892A6 /* MasonryViewController */ = {
			isa = PBXGroup;
			children = (
				0D20AE6126A03931004892A6 /* MYMasonryViewController.h */,
				0D20AE6226A03931004892A6 /* MYMasonryViewController.m */,
			);
			path = MasonryViewController;
			sourceTree = "<group>";
		};
		0D20AE6B26A26213004892A6 /* ScrollView */ = {
			isa = PBXGroup;
			children = (
				0D20AE6826A1A4D1004892A6 /* MYScrollViewController.h */,
				0D20AE6926A1A4D1004892A6 /* MYScrollViewController.m */,
			);
			path = ScrollView;
			sourceTree = "<group>";
		};
		0D20AE7226A2C174004892A6 /* CollectionView */ = {
			isa = PBXGroup;
			children = (
				0D20AE6F26A283C8004892A6 /* MYCollectionVIew.h */,
				0D20AE7026A283C8004892A6 /* MYCollectionVIew.m */,
			);
			path = CollectionView;
			sourceTree = "<group>";
		};
		0D20AE7626A7B0EF004892A6 /* NSURLSession */ = {
			isa = PBXGroup;
			children = (
				0D20AE7326A7AFD2004892A6 /* MYNsurlsession.h */,
				0D20AE7426A7AFD2004892A6 /* MYNsurlsession.m */,
			);
			path = NSURLSession;
			sourceTree = "<group>";
		};
		0D2FB90726A9499400AD8248 /* TestAFNetwoking */ = {
			isa = PBXGroup;
			children = (
				0D2FB90426A9498E00AD8248 /* MYAFNetworking.h */,
				0D2FB90526A9498E00AD8248 /* MYAFNetworking.m */,
			);
			path = TestAFNetwoking;
			sourceTree = "<group>";
		};
		0D5743E9273CAD6A00845821 /* RGBList */ = {
			isa = PBXGroup;
			children = (
				0D5743EB273CAD8400845821 /* AvatarBackgroundColorGenerator.h */,
				0D5743EA273CAD8300845821 /* AvatarBackgroundColorGenerator.m */,
				0D39414626EB578A005608AA /* rgbLabelViewController.h */,
				0D39414726EB578A005608AA /* rgbLabelViewController.m */,
			);
			path = RGBList;
			sourceTree = "<group>";
		};
		0D5743EF273CADD100845821 /* TestTableViewController */ = {
			isa = PBXGroup;
			children = (
				0D5743F0273CAE2200845821 /* TestTableViewCell.h */,
				0D5743F1273CAE2200845821 /* TestTableViewCell.m */,
				0D5743E5273CAB8600845821 /* TestTableViewController.h */,
				0D5743E6273CAB8600845821 /* TestTableViewController.m */,
			);
			path = TestTableViewController;
			sourceTree = "<group>";
		};
		0D5743F4273CAFF500845821 /* BJY */ = {
			isa = PBXGroup;
			children = (
				0D5743E9273CAD6A00845821 /* RGBList */,
				0D5743EF273CADD100845821 /* TestTableViewController */,
			);
			path = BJY;
			sourceTree = "<group>";
		};
		0D6484FC26AA5E1D00CE638D /* IOSNetworking */ = {
			isa = PBXGroup;
			children = (
				0D6484FD26AA62C500CE638D /* NETworkingViewController.h */,
				0D6484FE26AA62C500CE638D /* NETworkingViewController.m */,
				0D20AE54269ECCBD004892A6 /* JsonTableView */,
				0D20AE7626A7B0EF004892A6 /* NSURLSession */,
				0D2FB90726A9499400AD8248 /* TestAFNetwoking */,
			);
			path = IOSNetworking;
			sourceTree = "<group>";
		};
		0D64850626AE645900CE638D /* MICro-lectures */ = {
			isa = PBXGroup;
			children = (
				0DD097C226AE811900B2CF71 /* MICrolectureStartViewController.h */,
				0DD097C326AE811900B2CF71 /* MICrolectureStartViewController.m */,
				0D64850326AE645100CE638D /* MICrolecturesCollectionViewController.h */,
				0D64850426AE645100CE638D /* MICrolecturesCollectionViewController.m */,
				0D64850726AE66E100CE638D /* MICrolecture.h */,
				0D64850826AE66E100CE638D /* MICrolecture.m */,
				0DD097C526AE888F00B2CF71 /* MICrolectureCollectionViewCell.h */,
				0DD097C626AE888F00B2CF71 /* MICrolectureCollectionViewCell.m */,
			);
			path = "MICro-lectures";
			sourceTree = "<group>";
		};
		0DD5D9A32695C94000D52691 = {
			isa = PBXGroup;
			children = (
				0DD5D9AE2695C94000D52691 /* HypnoNerd */,
				0DD5D9CA2695C94200D52691 /* HypnoNerdTests */,
				0DD5D9D52695C94200D52691 /* HypnoNerdUITests */,
				0DD5D9AD2695C94000D52691 /* Products */,
				5B75C65CD5BF7F7FD36623B3 /* Pods */,
				59884AE05594D95C953B4A88 /* Frameworks */,
			);
			sourceTree = "<group>";
		};
		0DD5D9AD2695C94000D52691 /* Products */ = {
			isa = PBXGroup;
			children = (
				0DD5D9AC2695C94000D52691 /* HypnoNerd.app */,
				0DD5D9C72695C94200D52691 /* HypnoNerdTests.xctest */,
				0DD5D9D22695C94200D52691 /* HypnoNerdUITests.xctest */,
			);
			name = Products;
			sourceTree = "<group>";
		};
		0DD5D9AE2695C94000D52691 /* HypnoNerd */ = {
			isa = PBXGroup;
			children = (
				0DD5D9AF2695C94000D52691 /* AppDelegate.h */,
				0DD5D9B02695C94000D52691 /* AppDelegate.m */,
				0DD5D9B22695C94000D52691 /* SceneDelegate.h */,
				0DD5D9B32695C94000D52691 /* SceneDelegate.m */,
				0D20AE55269ED27F004892A6 /* AppDelegateAndSceneDelegate.h */,
				0D20AE56269ED27F004892A6 /* AppDelegateAndSceneDelegate.m */,
				0DD5D9BB2695C94200D52691 /* Assets.xcassets */,
				0DD5D9BD2695C94200D52691 /* LaunchScreen.storyboard */,
				0DD5D9C12695C94200D52691 /* main.m */,
				0DD5D9C02695C94200D52691 /* Info.plist */,
				0D20AE4E269ECA94004892A6 /* Basics */,
				0D20AE4F269ECB82004892A6 /* UIItems */,
				0D6484FC26AA5E1D00CE638D /* IOSNetworking */,
				0D64850626AE645900CE638D /* MICro-lectures */,
				0D5743F4273CAFF500845821 /* BJY */,
			);
			path = HypnoNerd;
			sourceTree = "<group>";
		};
		0DD5D9CA2695C94200D52691 /* HypnoNerdTests */ = {
			isa = PBXGroup;
			children = (
				0DD5D9CB2695C94200D52691 /* HypnoNerdTests.m */,
				0DD5D9CD2695C94200D52691 /* Info.plist */,
			);
			path = HypnoNerdTests;
			sourceTree = "<group>";
		};
		0DD5D9D52695C94200D52691 /* HypnoNerdUITests */ = {
			isa = PBXGroup;
			children = (
				0DD5D9D62695C94200D52691 /* HypnoNerdUITests.m */,
				0DD5D9D82695C94200D52691 /* Info.plist */,
			);
			path = HypnoNerdUITests;
			sourceTree = "<group>";
		};
		59884AE05594D95C953B4A88 /* Frameworks */ = {
			isa = PBXGroup;
			children = (
				6815C189ECF5F8AF03E6D271 /* libPods-HypnoNerd.a */,
				1726CAD0C01B324B0CBC0579 /* libPods-HypnoNerd-HypnoNerdUITests.a */,
				ED9A0E38E26D33116ACED5D9 /* libPods-HypnoNerdTests.a */,
			);
			name = Frameworks;
			sourceTree = "<group>";
		};
		5B75C65CD5BF7F7FD36623B3 /* Pods */ = {
			isa = PBXGroup;
			children = (
				46404B93B386EB9102DA2040 /* Pods-HypnoNerd.debug.xcconfig */,
				0B1095F7559220E02355D82D /* Pods-HypnoNerd.release.xcconfig */,
				071614FB33DE0225BD439AFC /* Pods-HypnoNerd-HypnoNerdUITests.debug.xcconfig */,
				D4675D2BD7EFCA97246D2342 /* Pods-HypnoNerd-HypnoNerdUITests.release.xcconfig */,
				A33A3845216F8677C93ACAE2 /* Pods-HypnoNerdTests.debug.xcconfig */,
				FA5F0CADCFDB3670E65FCA6E /* Pods-HypnoNerdTests.release.xcconfig */,
			);
			path = Pods;
			sourceTree = "<group>";
		};
/* End PBXGroup section */

/* Begin PBXNativeTarget section */
		0DD5D9AB2695C94000D52691 /* HypnoNerd */ = {
			isa = PBXNativeTarget;
			buildConfigurationList = 0DD5D9DB2695C94200D52691 /* Build configuration list for PBXNativeTarget "HypnoNerd" */;
			buildPhases = (
				6D3AEAA6BA12453E2A596737 /* [CP] Check Pods Manifest.lock */,
				0DD5D9A82695C94000D52691 /* Sources */,
				0DD5D9A92695C94000D52691 /* Frameworks */,
				0DD5D9AA2695C94000D52691 /* Resources */,
				33559CC1301FE3B911CA8F4E /* [CP] Copy Pods Resources */,
				0D45B9A19B7E5F49FA5BC19F /* [CP] Embed Pods Frameworks */,
			);
			buildRules = (
			);
			dependencies = (
			);
			name = HypnoNerd;
			productName = HypnoNerd;
			productReference = 0DD5D9AC2695C94000D52691 /* HypnoNerd.app */;
			productType = "com.apple.product-type.application";
		};
		0DD5D9C62695C94200D52691 /* HypnoNerdTests */ = {
			isa = PBXNativeTarget;
			buildConfigurationList = 0DD5D9DE2695C94200D52691 /* Build configuration list for PBXNativeTarget "HypnoNerdTests" */;
			buildPhases = (
				64D77A4F6E7F139ED1FC1B5F /* [CP] Check Pods Manifest.lock */,
				0DD5D9C32695C94200D52691 /* Sources */,
				0DD5D9C42695C94200D52691 /* Frameworks */,
				0DD5D9C52695C94200D52691 /* Resources */,
			);
			buildRules = (
			);
			dependencies = (
				0DD5D9C92695C94200D52691 /* PBXTargetDependency */,
			);
			name = HypnoNerdTests;
			productName = HypnoNerdTests;
			productReference = 0DD5D9C72695C94200D52691 /* HypnoNerdTests.xctest */;
			productType = "com.apple.product-type.bundle.unit-test";
		};
		0DD5D9D12695C94200D52691 /* HypnoNerdUITests */ = {
			isa = PBXNativeTarget;
			buildConfigurationList = 0DD5D9E12695C94200D52691 /* Build configuration list for PBXNativeTarget "HypnoNerdUITests" */;
			buildPhases = (
				46EA33F4494CF36EA385CD1D /* [CP] Check Pods Manifest.lock */,
				0DD5D9CE2695C94200D52691 /* Sources */,
				0DD5D9CF2695C94200D52691 /* Frameworks */,
				0DD5D9D02695C94200D52691 /* Resources */,
				06CB6B89ABF9DA8C73EAC598 /* [CP] Copy Pods Resources */,
				C03F6495455D9AD37C043643 /* [CP] Embed Pods Frameworks */,
			);
			buildRules = (
			);
			dependencies = (
				0DD5D9D42695C94200D52691 /* PBXTargetDependency */,
			);
			name = HypnoNerdUITests;
			productName = HypnoNerdUITests;
			productReference = 0DD5D9D22695C94200D52691 /* HypnoNerdUITests.xctest */;
			productType = "com.apple.product-type.bundle.ui-testing";
		};
/* End PBXNativeTarget section */

/* Begin PBXProject section */
		0DD5D9A42695C94000D52691 /* Project object */ = {
			isa = PBXProject;
			attributes = {
				LastUpgradeCheck = 1250;
				TargetAttributes = {
					0DD5D9AB2695C94000D52691 = {
						CreatedOnToolsVersion = 12.5.1;
						LastSwiftMigration = 1250;
					};
					0DD5D9C62695C94200D52691 = {
						CreatedOnToolsVersion = 12.5.1;
						TestTargetID = 0DD5D9AB2695C94000D52691;
					};
					0DD5D9D12695C94200D52691 = {
						CreatedOnToolsVersion = 12.5.1;
						TestTargetID = 0DD5D9AB2695C94000D52691;
					};
				};
			};
			buildConfigurationList = 0DD5D9A72695C94000D52691 /* Build configuration list for PBXProject "HypnoNerd" */;
			compatibilityVersion = "Xcode 9.3";
			developmentRegion = en;
			hasScannedForEncodings = 0;
			knownRegions = (
				en,
				Base,
			);
			mainGroup = 0DD5D9A32695C94000D52691;
			productRefGroup = 0DD5D9AD2695C94000D52691 /* Products */;
			projectDirPath = "";
			projectRoot = "";
			targets = (
				0DD5D9AB2695C94000D52691 /* HypnoNerd */,
				0DD5D9C62695C94200D52691 /* HypnoNerdTests */,
				0DD5D9D12695C94200D52691 /* HypnoNerdUITests */,
			);
		};
/* End PBXProject section */

/* Begin PBXResourcesBuildPhase section */
		0DD5D9AA2695C94000D52691 /* Resources */ = {
			isa = PBXResourcesBuildPhase;
			buildActionMask = 2147483647;
			files = (
				0DD5D9BF2695C94200D52691 /* LaunchScreen.storyboard in Resources */,
				0DD5D9F02695D9E100D52691 /* BNRReminderViewController.xib in Resources */,
				0D20ADDD269BDC1D004892A6 /* BNRItemsTableViewConytroller.xib in Resources */,
				0DD5D9BC2695C94200D52691 /* Assets.xcassets in Resources */,
			);
			runOnlyForDeploymentPostprocessing = 0;
		};
		0DD5D9C52695C94200D52691 /* Resources */ = {
			isa = PBXResourcesBuildPhase;
			buildActionMask = 2147483647;
			files = (
			);
			runOnlyForDeploymentPostprocessing = 0;
		};
		0DD5D9D02695C94200D52691 /* Resources */ = {
			isa = PBXResourcesBuildPhase;
			buildActionMask = 2147483647;
			files = (
			);
			runOnlyForDeploymentPostprocessing = 0;
		};
/* End PBXResourcesBuildPhase section */

/* Begin PBXShellScriptBuildPhase section */
		06CB6B89ABF9DA8C73EAC598 /* [CP] Copy Pods Resources */ = {
			isa = PBXShellScriptBuildPhase;
			buildActionMask = 2147483647;
			files = (
			);
			inputFileListPaths = (
				"${PODS_ROOT}/Target Support Files/Pods-HypnoNerd-HypnoNerdUITests/Pods-HypnoNerd-HypnoNerdUITests-resources-${CONFIGURATION}-input-files.xcfilelist",
			);
			name = "[CP] Copy Pods Resources";
			outputFileListPaths = (
				"${PODS_ROOT}/Target Support Files/Pods-HypnoNerd-HypnoNerdUITests/Pods-HypnoNerd-HypnoNerdUITests-resources-${CONFIGURATION}-output-files.xcfilelist",
			);
			runOnlyForDeploymentPostprocessing = 0;
			shellPath = /bin/sh;
			shellScript = "\"${PODS_ROOT}/Target Support Files/Pods-HypnoNerd-HypnoNerdUITests/Pods-HypnoNerd-HypnoNerdUITests-resources.sh\"\n";
			showEnvVarsInLog = 0;
		};
		0D45B9A19B7E5F49FA5BC19F /* [CP] Embed Pods Frameworks */ = {
			isa = PBXShellScriptBuildPhase;
			buildActionMask = 2147483647;
			files = (
			);
			inputFileListPaths = (
				"${PODS_ROOT}/Target Support Files/Pods-HypnoNerd/Pods-HypnoNerd-frameworks-${CONFIGURATION}-input-files.xcfilelist",
			);
			name = "[CP] Embed Pods Frameworks";
			outputFileListPaths = (
				"${PODS_ROOT}/Target Support Files/Pods-HypnoNerd/Pods-HypnoNerd-frameworks-${CONFIGURATION}-output-files.xcfilelist",
			);
			runOnlyForDeploymentPostprocessing = 0;
			shellPath = /bin/sh;
			shellScript = "\"${PODS_ROOT}/Target Support Files/Pods-HypnoNerd/Pods-HypnoNerd-frameworks.sh\"\n";
			showEnvVarsInLog = 0;
		};
		33559CC1301FE3B911CA8F4E /* [CP] Copy Pods Resources */ = {
			isa = PBXShellScriptBuildPhase;
			buildActionMask = 2147483647;
			files = (
			);
			inputFileListPaths = (
				"${PODS_ROOT}/Target Support Files/Pods-HypnoNerd/Pods-HypnoNerd-resources-${CONFIGURATION}-input-files.xcfilelist",
			);
			name = "[CP] Copy Pods Resources";
			outputFileListPaths = (
				"${PODS_ROOT}/Target Support Files/Pods-HypnoNerd/Pods-HypnoNerd-resources-${CONFIGURATION}-output-files.xcfilelist",
			);
			runOnlyForDeploymentPostprocessing = 0;
			shellPath = /bin/sh;
			shellScript = "\"${PODS_ROOT}/Target Support Files/Pods-HypnoNerd/Pods-HypnoNerd-resources.sh\"\n";
			showEnvVarsInLog = 0;
		};
		46EA33F4494CF36EA385CD1D /* [CP] Check Pods Manifest.lock */ = {
			isa = PBXShellScriptBuildPhase;
			buildActionMask = 2147483647;
			files = (
			);
			inputFileListPaths = (
			);
			inputPaths = (
				"${PODS_PODFILE_DIR_PATH}/Podfile.lock",
				"${PODS_ROOT}/Manifest.lock",
			);
			name = "[CP] Check Pods Manifest.lock";
			outputFileListPaths = (
			);
			outputPaths = (
				"$(DERIVED_FILE_DIR)/Pods-HypnoNerd-HypnoNerdUITests-checkManifestLockResult.txt",
			);
			runOnlyForDeploymentPostprocessing = 0;
			shellPath = /bin/sh;
			shellScript = "diff \"${PODS_PODFILE_DIR_PATH}/Podfile.lock\" \"${PODS_ROOT}/Manifest.lock\" > /dev/null\nif [ $? != 0 ] ; then\n    # print error to STDERR\n    echo \"error: The sandbox is not in sync with the Podfile.lock. Run 'pod install' or update your CocoaPods installation.\" >&2\n    exit 1\nfi\n# This output is used by Xcode 'outputs' to avoid re-running this script phase.\necho \"SUCCESS\" > \"${SCRIPT_OUTPUT_FILE_0}\"\n";
			showEnvVarsInLog = 0;
		};
		64D77A4F6E7F139ED1FC1B5F /* [CP] Check Pods Manifest.lock */ = {
			isa = PBXShellScriptBuildPhase;
			buildActionMask = 2147483647;
			files = (
			);
			inputFileListPaths = (
			);
			inputPaths = (
				"${PODS_PODFILE_DIR_PATH}/Podfile.lock",
				"${PODS_ROOT}/Manifest.lock",
			);
			name = "[CP] Check Pods Manifest.lock";
			outputFileListPaths = (
			);
			outputPaths = (
				"$(DERIVED_FILE_DIR)/Pods-HypnoNerdTests-checkManifestLockResult.txt",
			);
			runOnlyForDeploymentPostprocessing = 0;
			shellPath = /bin/sh;
			shellScript = "diff \"${PODS_PODFILE_DIR_PATH}/Podfile.lock\" \"${PODS_ROOT}/Manifest.lock\" > /dev/null\nif [ $? != 0 ] ; then\n    # print error to STDERR\n    echo \"error: The sandbox is not in sync with the Podfile.lock. Run 'pod install' or update your CocoaPods installation.\" >&2\n    exit 1\nfi\n# This output is used by Xcode 'outputs' to avoid re-running this script phase.\necho \"SUCCESS\" > \"${SCRIPT_OUTPUT_FILE_0}\"\n";
			showEnvVarsInLog = 0;
		};
		6D3AEAA6BA12453E2A596737 /* [CP] Check Pods Manifest.lock */ = {
			isa = PBXShellScriptBuildPhase;
			buildActionMask = 2147483647;
			files = (
			);
			inputFileListPaths = (
			);
			inputPaths = (
				"${PODS_PODFILE_DIR_PATH}/Podfile.lock",
				"${PODS_ROOT}/Manifest.lock",
			);
			name = "[CP] Check Pods Manifest.lock";
			outputFileListPaths = (
			);
			outputPaths = (
				"$(DERIVED_FILE_DIR)/Pods-HypnoNerd-checkManifestLockResult.txt",
			);
			runOnlyForDeploymentPostprocessing = 0;
			shellPath = /bin/sh;
			shellScript = "diff \"${PODS_PODFILE_DIR_PATH}/Podfile.lock\" \"${PODS_ROOT}/Manifest.lock\" > /dev/null\nif [ $? != 0 ] ; then\n    # print error to STDERR\n    echo \"error: The sandbox is not in sync with the Podfile.lock. Run 'pod install' or update your CocoaPods installation.\" >&2\n    exit 1\nfi\n# This output is used by Xcode 'outputs' to avoid re-running this script phase.\necho \"SUCCESS\" > \"${SCRIPT_OUTPUT_FILE_0}\"\n";
			showEnvVarsInLog = 0;
		};
		C03F6495455D9AD37C043643 /* [CP] Embed Pods Frameworks */ = {
			isa = PBXShellScriptBuildPhase;
			buildActionMask = 2147483647;
			files = (
			);
			inputFileListPaths = (
				"${PODS_ROOT}/Target Support Files/Pods-HypnoNerd-HypnoNerdUITests/Pods-HypnoNerd-HypnoNerdUITests-frameworks-${CONFIGURATION}-input-files.xcfilelist",
			);
			name = "[CP] Embed Pods Frameworks";
			outputFileListPaths = (
				"${PODS_ROOT}/Target Support Files/Pods-HypnoNerd-HypnoNerdUITests/Pods-HypnoNerd-HypnoNerdUITests-frameworks-${CONFIGURATION}-output-files.xcfilelist",
			);
			runOnlyForDeploymentPostprocessing = 0;
			shellPath = /bin/sh;
			shellScript = "\"${PODS_ROOT}/Target Support Files/Pods-HypnoNerd-HypnoNerdUITests/Pods-HypnoNerd-HypnoNerdUITests-frameworks.sh\"\n";
			showEnvVarsInLog = 0;
		};
/* End PBXShellScriptBuildPhase section */

/* Begin PBXSourcesBuildPhase section */
		0DD5D9A82695C94000D52691 /* Sources */ = {
			isa = PBXSourcesBuildPhase;
			buildActionMask = 2147483647;
			files = (
				0D20AE6726A1298B004892A6 /* BNRImageStore.m in Sources */,
				0D20AE5F269FE4AA004892A6 /* BNRTtem.m in Sources */,
				0D5743E7273CAB8600845821 /* TestTableViewController.m in Sources */,
				0D6484FF26AA62C500CE638D /* NETworkingViewController.m in Sources */,
				0D20AE6326A03931004892A6 /* MYMasonryViewController.m in Sources */,
				0DD097C426AE811900B2CF71 /* MICrolectureStartViewController.m in Sources */,
				0D20AE3D269D94E6004892A6 /* BNRDrawViewController.m in Sources */,
				0D20AE34269D80F5004892A6 /* BNRUITableTableViewController.m in Sources */,
				0D20AE6A26A1A4D2004892A6 /* MYScrollViewController.m in Sources */,
				0D20AE43269E7CD2004892A6 /* BNRCoursesViewController.m in Sources */,
				0D20ADD2269713A2004892A6 /* BNRItemsTableViewController.m in Sources */,
				0D2FB90626A9498E00AD8248 /* MYAFNetworking.m in Sources */,
				0DD5D9B72695C94000D52691 /* ViewController.m in Sources */,
				0DD5D9EF2695D9E100D52691 /* BNRReminderViewController.m in Sources */,
				0DD5D9B12695C94000D52691 /* AppDelegate.m in Sources */,
				0D20ADD82697E420004892A6 /* BNRItemStore.m in Sources */,
				0D5743F3273CAF7D00845821 /* AvatarBackgroundColorGenerator.m in Sources */,
				0D5743F2273CAE2200845821 /* TestTableViewCell.m in Sources */,
				0DD5D9E92695CA6D00D52691 /* BNRHypnosisView.m in Sources */,
				0D64850526AE645100CE638D /* MICrolecturesCollectionViewController.m in Sources */,
				0D20AE37269D94A4004892A6 /* BNRLine.m in Sources */,
				0D20AE7126A283C8004892A6 /* MYCollectionVIew.m in Sources */,
				0D20AE3A269D94D0004892A6 /* BNRDrawView.m in Sources */,
				0DD5D9C22695C94200D52691 /* main.m in Sources */,
				0D20ADE6269C3F92004892A6 /* BNRItemCellTableViewCell.m in Sources */,
				0D64850226AE4C8500CE638D /* course.m in Sources */,
				0D20AE40269D9958004892A6 /* BNRBasicsViewController.m in Sources */,
				0D20ADE1269C1266004892A6 /* BNRDetailViewController.m in Sources */,
				0D20AE7526A7AFD2004892A6 /* MYNsurlsession.m in Sources */,
				0DD097C726AE888F00B2CF71 /* MICrolectureCollectionViewCell.m in Sources */,
				0D20AE57269ED27F004892A6 /* AppDelegateAndSceneDelegate.m in Sources */,
				0DD5D9B42695C94000D52691 /* SceneDelegate.m in Sources */,
				0D39414826EB578A005608AA /* rgbLabelViewController.m in Sources */,
				0D64850926AE66E100CE638D /* MICrolecture.m in Sources */,
			);
			runOnlyForDeploymentPostprocessing = 0;
		};
		0DD5D9C32695C94200D52691 /* Sources */ = {
			isa = PBXSourcesBuildPhase;
			buildActionMask = 2147483647;
			files = (
				0DD5D9CC2695C94200D52691 /* HypnoNerdTests.m in Sources */,
			);
			runOnlyForDeploymentPostprocessing = 0;
		};
		0DD5D9CE2695C94200D52691 /* Sources */ = {
			isa = PBXSourcesBuildPhase;
			buildActionMask = 2147483647;
			files = (
				0DD5D9D72695C94200D52691 /* HypnoNerdUITests.m in Sources */,
			);
			runOnlyForDeploymentPostprocessing = 0;
		};
/* End PBXSourcesBuildPhase section */

/* Begin PBXTargetDependency section */
		0DD5D9C92695C94200D52691 /* PBXTargetDependency */ = {
			isa = PBXTargetDependency;
			target = 0DD5D9AB2695C94000D52691 /* HypnoNerd */;
			targetProxy = 0DD5D9C82695C94200D52691 /* PBXContainerItemProxy */;
		};
		0DD5D9D42695C94200D52691 /* PBXTargetDependency */ = {
			isa = PBXTargetDependency;
			target = 0DD5D9AB2695C94000D52691 /* HypnoNerd */;
			targetProxy = 0DD5D9D32695C94200D52691 /* PBXContainerItemProxy */;
		};
/* End PBXTargetDependency section */

/* Begin PBXVariantGroup section */
		0DD5D9BD2695C94200D52691 /* LaunchScreen.storyboard */ = {
			isa = PBXVariantGroup;
			children = (
				0DD5D9BE2695C94200D52691 /* Base */,
			);
			name = LaunchScreen.storyboard;
			sourceTree = "<group>";
		};
/* End PBXVariantGroup section */

/* Begin XCBuildConfiguration section */
		0DD5D9D92695C94200D52691 /* Debug */ = {
			isa = XCBuildConfiguration;
			buildSettings = {
				ALWAYS_SEARCH_USER_PATHS = NO;
				CLANG_ANALYZER_NONNULL = YES;
				CLANG_ANALYZER_NUMBER_OBJECT_CONVERSION = YES_AGGRESSIVE;
				CLANG_CXX_LANGUAGE_STANDARD = "gnu++14";
				CLANG_CXX_LIBRARY = "libc++";
				CLANG_ENABLE_MODULES = YES;
				CLANG_ENABLE_OBJC_ARC = YES;
				CLANG_ENABLE_OBJC_WEAK = YES;
				CLANG_WARN_BLOCK_CAPTURE_AUTORELEASING = YES;
				CLANG_WARN_BOOL_CONVERSION = YES;
				CLANG_WARN_COMMA = YES;
				CLANG_WARN_CONSTANT_CONVERSION = YES;
				CLANG_WARN_DEPRECATED_OBJC_IMPLEMENTATIONS = YES;
				CLANG_WARN_DIRECT_OBJC_ISA_USAGE = YES_ERROR;
				CLANG_WARN_DOCUMENTATION_COMMENTS = YES;
				CLANG_WARN_EMPTY_BODY = YES;
				CLANG_WARN_ENUM_CONVERSION = YES;
				CLANG_WARN_INFINITE_RECURSION = YES;
				CLANG_WARN_INT_CONVERSION = YES;
				CLANG_WARN_NON_LITERAL_NULL_CONVERSION = YES;
				CLANG_WARN_OBJC_IMPLICIT_RETAIN_SELF = YES;
				CLANG_WARN_OBJC_LITERAL_CONVERSION = YES;
				CLANG_WARN_OBJC_ROOT_CLASS = YES_ERROR;
				CLANG_WARN_QUOTED_INCLUDE_IN_FRAMEWORK_HEADER = YES;
				CLANG_WARN_RANGE_LOOP_ANALYSIS = YES;
				CLANG_WARN_STRICT_PROTOTYPES = YES;
				CLANG_WARN_SUSPICIOUS_MOVE = YES;
				CLANG_WARN_UNGUARDED_AVAILABILITY = YES_AGGRESSIVE;
				CLANG_WARN_UNREACHABLE_CODE = YES;
				CLANG_WARN__DUPLICATE_METHOD_MATCH = YES;
				COPY_PHASE_STRIP = NO;
				DEBUG_INFORMATION_FORMAT = dwarf;
				ENABLE_STRICT_OBJC_MSGSEND = YES;
				ENABLE_TESTABILITY = YES;
				GCC_C_LANGUAGE_STANDARD = gnu11;
				GCC_DYNAMIC_NO_PIC = NO;
				GCC_NO_COMMON_BLOCKS = YES;
				GCC_OPTIMIZATION_LEVEL = 0;
				GCC_PREPROCESSOR_DEFINITIONS = (
					"DEBUG=1",
					"$(inherited)",
				);
				GCC_WARN_64_TO_32_BIT_CONVERSION = YES;
				GCC_WARN_ABOUT_RETURN_TYPE = YES_ERROR;
				GCC_WARN_UNDECLARED_SELECTOR = YES;
				GCC_WARN_UNINITIALIZED_AUTOS = YES_AGGRESSIVE;
				GCC_WARN_UNUSED_FUNCTION = YES;
				GCC_WARN_UNUSED_VARIABLE = YES;
				IPHONEOS_DEPLOYMENT_TARGET = 14.5;
				MTL_ENABLE_DEBUG_INFO = INCLUDE_SOURCE;
				MTL_FAST_MATH = YES;
				ONLY_ACTIVE_ARCH = YES;
				SDKROOT = iphoneos;
			};
			name = Debug;
		};
		0DD5D9DA2695C94200D52691 /* Release */ = {
			isa = XCBuildConfiguration;
			buildSettings = {
				ALWAYS_SEARCH_USER_PATHS = NO;
				CLANG_ANALYZER_NONNULL = YES;
				CLANG_ANALYZER_NUMBER_OBJECT_CONVERSION = YES_AGGRESSIVE;
				CLANG_CXX_LANGUAGE_STANDARD = "gnu++14";
				CLANG_CXX_LIBRARY = "libc++";
				CLANG_ENABLE_MODULES = YES;
				CLANG_ENABLE_OBJC_ARC = YES;
				CLANG_ENABLE_OBJC_WEAK = YES;
				CLANG_WARN_BLOCK_CAPTURE_AUTORELEASING = YES;
				CLANG_WARN_BOOL_CONVERSION = YES;
				CLANG_WARN_COMMA = YES;
				CLANG_WARN_CONSTANT_CONVERSION = YES;
				CLANG_WARN_DEPRECATED_OBJC_IMPLEMENTATIONS = YES;
				CLANG_WARN_DIRECT_OBJC_ISA_USAGE = YES_ERROR;
				CLANG_WARN_DOCUMENTATION_COMMENTS = YES;
				CLANG_WARN_EMPTY_BODY = YES;
				CLANG_WARN_ENUM_CONVERSION = YES;
				CLANG_WARN_INFINITE_RECURSION = YES;
				CLANG_WARN_INT_CONVERSION = YES;
				CLANG_WARN_NON_LITERAL_NULL_CONVERSION = YES;
				CLANG_WARN_OBJC_IMPLICIT_RETAIN_SELF = YES;
				CLANG_WARN_OBJC_LITERAL_CONVERSION = YES;
				CLANG_WARN_OBJC_ROOT_CLASS = YES_ERROR;
				CLANG_WARN_QUOTED_INCLUDE_IN_FRAMEWORK_HEADER = YES;
				CLANG_WARN_RANGE_LOOP_ANALYSIS = YES;
				CLANG_WARN_STRICT_PROTOTYPES = YES;
				CLANG_WARN_SUSPICIOUS_MOVE = YES;
				CLANG_WARN_UNGUARDED_AVAILABILITY = YES_AGGRESSIVE;
				CLANG_WARN_UNREACHABLE_CODE = YES;
				CLANG_WARN__DUPLICATE_METHOD_MATCH = YES;
				COPY_PHASE_STRIP = NO;
				DEBUG_INFORMATION_FORMAT = "dwarf-with-dsym";
				ENABLE_NS_ASSERTIONS = NO;
				ENABLE_STRICT_OBJC_MSGSEND = YES;
				GCC_C_LANGUAGE_STANDARD = gnu11;
				GCC_NO_COMMON_BLOCKS = YES;
				GCC_WARN_64_TO_32_BIT_CONVERSION = YES;
				GCC_WARN_ABOUT_RETURN_TYPE = YES_ERROR;
				GCC_WARN_UNDECLARED_SELECTOR = YES;
				GCC_WARN_UNINITIALIZED_AUTOS = YES_AGGRESSIVE;
				GCC_WARN_UNUSED_FUNCTION = YES;
				GCC_WARN_UNUSED_VARIABLE = YES;
				IPHONEOS_DEPLOYMENT_TARGET = 14.5;
				MTL_ENABLE_DEBUG_INFO = NO;
				MTL_FAST_MATH = YES;
				SDKROOT = iphoneos;
				VALIDATE_PRODUCT = YES;
			};
			name = Release;
		};
		0DD5D9DC2695C94200D52691 /* Debug */ = {
			isa = XCBuildConfiguration;
			baseConfigurationReference = 46404B93B386EB9102DA2040 /* Pods-HypnoNerd.debug.xcconfig */;
			buildSettings = {
				ASSETCATALOG_COMPILER_APPICON_NAME = AppIcon;
				ASSETCATALOG_COMPILER_GLOBAL_ACCENT_COLOR_NAME = AccentColor;
				CLANG_ENABLE_MODULES = YES;
				CODE_SIGN_STYLE = Automatic;
				DEFINES_MODULE = NO;
				DEVELOPMENT_TEAM = AR2GVK3R75;
				INFOPLIST_FILE = HypnoNerd/Info.plist;
				IPHONEOS_DEPLOYMENT_TARGET = 11.0;
				LD_RUNPATH_SEARCH_PATHS = (
					"$(inherited)",
					"@executable_path/Frameworks",
				);
				PRODUCT_BUNDLE_IDENTIFIER = HuXin.HypnoNerd;
				PRODUCT_NAME = "$(TARGET_NAME)";
				SWIFT_OBJC_BRIDGING_HEADER = "HypnoNerd/HypnoNerd-Bridging-Header.h";
				SWIFT_OPTIMIZATION_LEVEL = "-Onone";
				SWIFT_VERSION = 5.0;
				TARGETED_DEVICE_FAMILY = "1,2";
			};
			name = Debug;
		};
		0DD5D9DD2695C94200D52691 /* Release */ = {
			isa = XCBuildConfiguration;
			baseConfigurationReference = 0B1095F7559220E02355D82D /* Pods-HypnoNerd.release.xcconfig */;
			buildSettings = {
				ASSETCATALOG_COMPILER_APPICON_NAME = AppIcon;
				ASSETCATALOG_COMPILER_GLOBAL_ACCENT_COLOR_NAME = AccentColor;
				CLANG_ENABLE_MODULES = YES;
				CODE_SIGN_STYLE = Automatic;
				DEFINES_MODULE = NO;
				DEVELOPMENT_TEAM = AR2GVK3R75;
				INFOPLIST_FILE = HypnoNerd/Info.plist;
				IPHONEOS_DEPLOYMENT_TARGET = 11.0;
				LD_RUNPATH_SEARCH_PATHS = (
					"$(inherited)",
					"@executable_path/Frameworks",
				);
				PRODUCT_BUNDLE_IDENTIFIER = HuXin.HypnoNerd;
				PRODUCT_NAME = "$(TARGET_NAME)";
				SWIFT_OBJC_BRIDGING_HEADER = "HypnoNerd/HypnoNerd-Bridging-Header.h";
				SWIFT_VERSION = 5.0;
				TARGETED_DEVICE_FAMILY = "1,2";
			};
			name = Release;
		};
		0DD5D9DF2695C94200D52691 /* Debug */ = {
			isa = XCBuildConfiguration;
			baseConfigurationReference = A33A3845216F8677C93ACAE2 /* Pods-HypnoNerdTests.debug.xcconfig */;
			buildSettings = {
				BUNDLE_LOADER = "$(TEST_HOST)";
				CODE_SIGN_STYLE = Automatic;
				INFOPLIST_FILE = HypnoNerdTests/Info.plist;
				IPHONEOS_DEPLOYMENT_TARGET = 14.5;
				LD_RUNPATH_SEARCH_PATHS = (
					"$(inherited)",
					"@executable_path/Frameworks",
					"@loader_path/Frameworks",
				);
				PRODUCT_BUNDLE_IDENTIFIER = "Hu-Xin.HypnoNerdTests";
				PRODUCT_NAME = "$(TARGET_NAME)";
				TARGETED_DEVICE_FAMILY = "1,2";
				TEST_HOST = "$(BUILT_PRODUCTS_DIR)/HypnoNerd.app/HypnoNerd";
			};
			name = Debug;
		};
		0DD5D9E02695C94200D52691 /* Release */ = {
			isa = XCBuildConfiguration;
			baseConfigurationReference = FA5F0CADCFDB3670E65FCA6E /* Pods-HypnoNerdTests.release.xcconfig */;
			buildSettings = {
				BUNDLE_LOADER = "$(TEST_HOST)";
				CODE_SIGN_STYLE = Automatic;
				INFOPLIST_FILE = HypnoNerdTests/Info.plist;
				IPHONEOS_DEPLOYMENT_TARGET = 14.5;
				LD_RUNPATH_SEARCH_PATHS = (
					"$(inherited)",
					"@executable_path/Frameworks",
					"@loader_path/Frameworks",
				);
				PRODUCT_BUNDLE_IDENTIFIER = "Hu-Xin.HypnoNerdTests";
				PRODUCT_NAME = "$(TARGET_NAME)";
				TARGETED_DEVICE_FAMILY = "1,2";
				TEST_HOST = "$(BUILT_PRODUCTS_DIR)/HypnoNerd.app/HypnoNerd";
			};
			name = Release;
		};
		0DD5D9E22695C94200D52691 /* Debug */ = {
			isa = XCBuildConfiguration;
			baseConfigurationReference = 071614FB33DE0225BD439AFC /* Pods-HypnoNerd-HypnoNerdUITests.debug.xcconfig */;
			buildSettings = {
				CODE_SIGN_STYLE = Automatic;
				INFOPLIST_FILE = HypnoNerdUITests/Info.plist;
				LD_RUNPATH_SEARCH_PATHS = (
					"$(inherited)",
					"@executable_path/Frameworks",
					"@loader_path/Frameworks",
				);
				PRODUCT_BUNDLE_IDENTIFIER = "Hu-Xin.HypnoNerdUITests";
				PRODUCT_NAME = "$(TARGET_NAME)";
				TARGETED_DEVICE_FAMILY = "1,2";
				TEST_TARGET_NAME = HypnoNerd;
			};
			name = Debug;
		};
		0DD5D9E32695C94200D52691 /* Release */ = {
			isa = XCBuildConfiguration;
			baseConfigurationReference = D4675D2BD7EFCA97246D2342 /* Pods-HypnoNerd-HypnoNerdUITests.release.xcconfig */;
			buildSettings = {
				CODE_SIGN_STYLE = Automatic;
				INFOPLIST_FILE = HypnoNerdUITests/Info.plist;
				LD_RUNPATH_SEARCH_PATHS = (
					"$(inherited)",
					"@executable_path/Frameworks",
					"@loader_path/Frameworks",
				);
				PRODUCT_BUNDLE_IDENTIFIER = "Hu-Xin.HypnoNerdUITests";
				PRODUCT_NAME = "$(TARGET_NAME)";
				TARGETED_DEVICE_FAMILY = "1,2";
				TEST_TARGET_NAME = HypnoNerd;
			};
			name = Release;
		};
/* End XCBuildConfiguration section */

/* Begin XCConfigurationList section */
		0DD5D9A72695C94000D52691 /* Build configuration list for PBXProject "HypnoNerd" */ = {
			isa = XCConfigurationList;
			buildConfigurations = (
				0DD5D9D92695C94200D52691 /* Debug */,
				0DD5D9DA2695C94200D52691 /* Release */,
			);
			defaultConfigurationIsVisible = 0;
			defaultConfigurationName = Release;
		};
		0DD5D9DB2695C94200D52691 /* Build configuration list for PBXNativeTarget "HypnoNerd" */ = {
			isa = XCConfigurationList;
			buildConfigurations = (
				0DD5D9DC2695C94200D52691 /* Debug */,
				0DD5D9DD2695C94200D52691 /* Release */,
			);
			defaultConfigurationIsVisible = 0;
			defaultConfigurationName = Release;
		};
		0DD5D9DE2695C94200D52691 /* Build configuration list for PBXNativeTarget "HypnoNerdTests" */ = {
			isa = XCConfigurationList;
			buildConfigurations = (
				0DD5D9DF2695C94200D52691 /* Debug */,
				0DD5D9E02695C94200D52691 /* Release */,
			);
			defaultConfigurationIsVisible = 0;
			defaultConfigurationName = Release;
		};
		0DD5D9E12695C94200D52691 /* Build configuration list for PBXNativeTarget "HypnoNerdUITests" */ = {
			isa = XCConfigurationList;
			buildConfigurations = (
				0DD5D9E22695C94200D52691 /* Debug */,
				0DD5D9E32695C94200D52691 /* Release */,
			);
			defaultConfigurationIsVisible = 0;
			defaultConfigurationName = Release;
		};
/* End XCConfigurationList section */
	};
	rootObject = 0DD5D9A42695C94000D52691 /* Project object */;
}
